
Microsoft Visual Studio Solution File, Format Version 12.00
Project("{FAE04EC0-301F-11D3-BF4B-00C04F79EFBC}") = "roll_for_bears", "roll_for_bears.csproj", "{1458AA7A-BD02-4C26-ABBB-3D1449A03287}"
EndProject
Global
	GlobalSection(SolutionConfigurationPlatforms) = preSolution
		Debug|Any CPU = Debug|Any CPU
		Release|Any CPU = Release|Any CPU
	EndGlobalSection
	GlobalSection(ProjectConfigurationPlatforms) = postSolution
		{1458AA7A-BD02-4C26-ABBB-3D1449A03287}.Debug|Any CPU.ActiveCfg = Debug|Any CPU
		{1458AA7A-BD02-4C26-ABBB-3D1449A03287}.Debug|Any CPU.Build.0 = Debug|Any CPU
		{1458AA7A-BD02-4C26-ABBB-3D1449A03287}.Release|Any CPU.ActiveCfg = Release|Any CPU
		{1458AA7A-BD02-4C26-ABBB-3D1449A03287}.Release|Any CPU.Build.0 = Release|Any CPU
	EndGlobalSection
EndGlobal
